<?xml version="1.0" encoding="utf-8"?>
<Project ToolsVersion="4.0" xmlns="http://schemas.microsoft.com/developer/msbuild/2003">
  <ItemGroup>
    <Filter Include="源文件">
      <UniqueIdentifier>{4FC737F1-C7A5-4376-A066-2A32D752A2FF}</UniqueIdentifier>
      <Extensions>cpp;c;cc;cxx;def;odl;idl;hpj;bat;asm;asmx</Extensions>
    </Filter>
    <Filter Include="头文件">
      <UniqueIdentifier>{93995380-89BD-4b04-88EB-625FBE52EBFB}</UniqueIdentifier>
      <Extensions>h;hh;hpp;hxx;hm;inl;inc;ipp;xsd</Extensions>
    </Filter>
    <Filter Include="资源文件">
      <UniqueIdentifier>{67DA6AB6-F800-4c08-8B7A-83BB121AAD01}</UniqueIdentifier>
      <Extensions>rc;ico;cur;bmp;dlg;rc2;rct;bin;rgs;gif;jpg;jpeg;jpe;resx;tiff;tif;png;wav;mfcribbon-ms</Extensions>
    </Filter>
    <Filter Include="CSerialPort">
      <UniqueIdentifier>{faccf832-f142-44d8-ae37-5a312f4cee39}</UniqueIdentifier>
    </Filter>
  </ItemGroup>
  <ItemGroup>
    <ClCompile Include="FrameWork.cpp">
      <Filter>源文件</Filter>
    </ClCompile>
    <ClCompile Include="stdafx.cpp">
      <Filter>源文件</Filter>
    </ClCompile>
    <ClCompile Include="dllmain.cpp">
      <Filter>源文件</Filter>
    </ClCompile>
    <ClCompile Include="CFrameWorkDlg.cpp">
      <Filter>源文件</Filter>
    </ClCompile>
    <ClCompile Include="CAboutDlg.cpp">
      <Filter>源文件</Filter>
    </ClCompile>
    <ClCompile Include="SerialPortLib\SerialPort.cpp">
      <Filter>CSerialPort</Filter>
    </ClCompile>
    <ClCompile Include="SerialPortLib\SerialPortBase.cpp">
      <Filter>CSerialPort</Filter>
    </ClCompile>
    <ClCompile Include="SerialPortLib\SerialPortInfo.cpp">
      <Filter>CSerialPort</Filter>
    </ClCompile>
    <ClCompile Include="SerialPortLib\SerialPortInfoBase.cpp">
      <Filter>CSerialPort</Filter>
    </ClCompile>
    <ClCompile Include="SerialPortLib\SerialPortInfoUnixBase.cpp">
      <Filter>CSerialPort</Filter>
    </ClCompile>
    <ClCompile Include="SerialPortLib\SerialPortInfoWinBase.cpp">
      <Filter>CSerialPort</Filter>
    </ClCompile>
    <ClCompile Include="SerialPortLib\SerialPortUnixBase.cpp">
      <Filter>CSerialPort</Filter>
    </ClCompile>
    <ClCompile Include="SerialPortLib\SerialPortWinBase.cpp">
      <Filter>CSerialPort</Filter>
    </ClCompile>
    <ClCompile Include="EnumSerial.cpp">
      <Filter>源文件</Filter>
    </ClCompile>
  </ItemGroup>
  <ItemGroup>
    <None Include="FrameWork.def">
      <Filter>源文件</Filter>
    </None>
    <None Include="res\FrameWork.rc2">
      <Filter>资源文件</Filter>
    </None>
  </ItemGroup>
  <ItemGroup>
    <ClInclude Include="stdafx.h">
      <Filter>头文件</Filter>
    </ClInclude>
    <ClInclude Include="targetver.h">
      <Filter>头文件</Filter>
    </ClInclude>
    <ClInclude Include="Resource.h">
      <Filter>头文件</Filter>
    </ClInclude>
    <ClInclude Include="CFrameWorkDlg.h">
      <Filter>头文件</Filter>
    </ClInclude>
    <ClInclude Include="CAboutDlg.h">
      <Filter>头文件</Filter>
    </ClInclude>
    <ClInclude Include="SerialPortLib\osplatformutil.h">
      <Filter>CSerialPort</Filter>
    </ClInclude>
    <ClInclude Include="SerialPortLib\SerialPort.h">
      <Filter>CSerialPort</Filter>
    </ClInclude>
    <ClInclude Include="SerialPortLib\SerialPort_global.h">
      <Filter>CSerialPort</Filter>
    </ClInclude>
    <ClInclude Include="SerialPortLib\SerialPortBase.h">
      <Filter>CSerialPort</Filter>
    </ClInclude>
    <ClInclude Include="SerialPortLib\SerialPortInfo.h">
      <Filter>CSerialPort</Filter>
    </ClInclude>
    <ClInclude Include="SerialPortLib\SerialPortInfoBase.h">
      <Filter>CSerialPort</Filter>
    </ClInclude>
    <ClInclude Include="SerialPortLib\SerialPortInfoUnixBase.h">
      <Filter>CSerialPort</Filter>
    </ClInclude>
    <ClInclude Include="SerialPortLib\SerialPortInfoWinBase.h">
      <Filter>CSerialPort</Filter>
    </ClInclude>
    <ClInclude Include="SerialPortLib\SerialPortUnixBase.h">
      <Filter>CSerialPort</Filter>
    </ClInclude>
    <ClInclude Include="SerialPortLib\SerialPortWinBase.h">
      <Filter>CSerialPort</Filter>
    </ClInclude>
    <ClInclude Include="SerialPortLib\sigslot.h">
      <Filter>CSerialPort</Filter>
    </ClInclude>
    <ClInclude Include="EnumSerial.h">
      <Filter>头文件</Filter>
    </ClInclude>
  </ItemGroup>
  <ItemGroup>
    <ResourceCompile Include="FrameWork.rc">
      <Filter>资源文件</Filter>
    </ResourceCompile>
  </ItemGroup>
</Project>